# -------------------------------------------------------------------------- #
#
# Copyright (C) 1991-2009 Altera Corporation
# Your use of Altera Corporation's design tools, logic functions 
# and other software and tools, and its AMPP partner logic 
# functions, and any output files from any of the foregoing 
# (including device programming or simulation files), and any 
# associated documentation or information are expressly subject 
# to the terms and conditions of the Altera Program License 
# Subscription Agreement, Altera MegaCore Function License 
# Agreement, or other applicable license agreement, including, 
# without limitation, that your use is for the sole purpose of 
# programming logic devices manufactured by Altera and sold by 
# Altera or its authorized distributors.  Please refer to the 
# applicable agreement for further details.
#
# -------------------------------------------------------------------------- #
#
# Quartus II
# Version 9.1 Build 222 10/21/2009 SJ Web Edition
# Date created = 22:05:18  April 29, 2026
#
# -------------------------------------------------------------------------- #
#
# Notes:
#
# 1) The default values for assignments are stored in the file:
#		lab5_var4_v1_assignment_defaults.qdf
#    If this file doesn't exist, see file:
#		assignment_defaults.qdf
#
# 2) Altera recommends that you do not modify this file. This
#    file is updated automatically by the Quartus II software
#    and any changes you make may be lost or overwritten.
#
# -------------------------------------------------------------------------- #


set_global_assignment -name FAMILY "Stratix II"
set_global_assignment -name DEVICE AUTO
set_global_assignment -name TOP_LEVEL_ENTITY lab5_var4_v1
set_global_assignment -name ORIGINAL_QUARTUS_VERSION 9.1
set_global_assignment -name PROJECT_CREATION_TIME_DATE "22:05:18  APRIL 29, 2026"
set_global_assignment -name LAST_QUARTUS_VERSION 9.1
set_global_assignment -name USE_GENERATED_PHYSICAL_CONSTRAINTS OFF -section_id eda_blast_fpga
set_global_assignment -name SIMULATION_MODE FUNCTIONAL
set_global_assignment -name BSF_FILE altsyncram0.bsf
set_global_assignment -name INCLUDE_FILE altsyncram0.inc
set_global_assignment -name QIP_FILE altsyncram0.qip
set_global_assignment -name AHDL_FILE altsyncram0.tdf
set_global_assignment -name SOURCE_FILE altsyncram0_wave0.jpg
set_global_assignment -name HTML_FILE altsyncram0_waveforms.html
set_global_assignment -name VHDL_FILE lpm_mux10.vhd
set_global_assignment -name BSF_FILE ar_unit.bsf
set_global_assignment -name VECTOR_WAVEFORM_FILE ar_unit.vwf
set_global_assignment -name AHDL_FILE lpm_rom1.tdf
set_global_assignment -name BSF_FILE arithmetic_logic_unit.bsf
set_global_assignment -name BDF_FILE memory_unit.bdf
set_global_assignment -name BDF_FILE lab4_var2_v1.bdf
set_global_assignment -name BSF_FILE clock_generator.bsf
set_global_assignment -name VECTOR_WAVEFORM_FILE clock_generator.vwf
set_global_assignment -name BDF_FILE ar_unit.bdf
set_global_assignment -name BSF_FILE CMP.bsf
set_global_assignment -name BDF_FILE clock_generator.bdf
set_global_assignment -name BDF_FILE control_unit.bdf
set_global_assignment -name BSF_FILE control_unit.bsf
set_global_assignment -name VECTOR_WAVEFORM_FILE control_unit.vwf
set_global_assignment -name BDF_FILE DCA_gen.bdf
set_global_assignment -name BSF_FILE dca_gen.bsf
set_global_assignment -name VECTOR_WAVEFORM_FILE DCa_gen.vwf
set_global_assignment -name BDF_FILE dr_unit.bdf
set_global_assignment -name BSF_FILE dr_unit.bsf
set_global_assignment -name VECTOR_WAVEFORM_FILE dr_unit.vwf
set_global_assignment -name BDF_FILE fr_unit.bdf
set_global_assignment -name BSF_FILE fr_unit.bsf
set_global_assignment -name VECTOR_WAVEFORM_FILE fr_unit.vwf
set_global_assignment -name BDF_FILE ip_unit.bdf
set_global_assignment -name BSF_FILE fulladd.bsf
set_global_assignment -name BDF_FILE ir_unit.bdf
set_global_assignment -name VHDL_FILE lpm_add_sub0.vhd
set_global_assignment -name BSF_FILE ip_unit.bsf
set_global_assignment -name VECTOR_WAVEFORM_FILE ip_unit.vwf
set_global_assignment -name VHDL_FILE lpm_add_sub1.vhd
set_global_assignment -name BSF_FILE ir_unit.bsf
set_global_assignment -name VECTOR_WAVEFORM_FILE ir_unit.vwf
set_global_assignment -name VECTOR_WAVEFORM_FILE "lab3-2-test.vwf"
set_global_assignment -name VECTOR_WAVEFORM_FILE "lab3-test.vwf"
set_global_assignment -name TEXT_FORMAT_REPORT_FILE lab4_var2_v1.asm.rpt
set_global_assignment -name VHDL_FILE lpm_add_sub2.vhd
set_global_assignment -name VECTOR_WAVEFORM_FILE lab4_var2_v1.vwf
set_global_assignment -name TEXT_FORMAT_REPORT_FILE lab5_var4_v1.asm.rpt
set_global_assignment -name VHDL_FILE lpm_add_sub3.vhd
set_global_assignment -name SOURCE_FILE lab5_var4_v1.done
set_global_assignment -name TEXT_FORMAT_REPORT_FILE lab5_var4_v1.fit.rpt
set_global_assignment -name TEXT_FORMAT_REPORT_FILE lab5_var4_v1.fit.summary
set_global_assignment -name TEXT_FORMAT_REPORT_FILE lab5_var4_v1.flow.rpt
set_global_assignment -name TEXT_FORMAT_REPORT_FILE lab5_var4_v1.map.rpt
set_global_assignment -name TEXT_FORMAT_REPORT_FILE lab5_var4_v1.map.summary
set_global_assignment -name PIN_FILE lab5_var4_v1.pin
set_global_assignment -name PROGRAMMER_OBJECT_FILE lab5_var4_v1.pof
set_global_assignment -name SOURCE_FILE lab5_var4_v1.qpf
set_global_assignment -name SOURCE_FILE lab5_var4_v1.qsf
set_global_assignment -name TEXT_FORMAT_REPORT_FILE lab5_var4_v1.sim.rpt
set_global_assignment -name SRAM_OBJECT_FILE lab5_var4_v1.sof
set_global_assignment -name TEXT_FORMAT_REPORT_FILE lab5_var4_v1.tan.rpt
set_global_assignment -name TEXT_FORMAT_REPORT_FILE lab5_var4_v1.tan.summary
set_global_assignment -name VHDL_FILE lpm_add_sub4.vhd
set_global_assignment -name VHDL_FILE lpm_add_sub5.vhd
set_global_assignment -name BSF_FILE logic_NOR.bsf
set_global_assignment -name VHDL_FILE lpm_and0.vhd
set_global_assignment -name BSF_FILE lpm_add_sub0.bsf
set_global_assignment -name INCLUDE_FILE lpm_add_sub0.inc
set_global_assignment -name QIP_FILE lpm_add_sub0.qip
set_global_assignment -name VHDL_FILE lpm_compare1.vhd
set_global_assignment -name SOURCE_FILE lpm_add_sub0_wave0.jpg
set_global_assignment -name HTML_FILE lpm_add_sub0_waveforms.html
set_global_assignment -name BSF_FILE lpm_add_sub1.bsf
set_global_assignment -name INCLUDE_FILE lpm_add_sub1.inc
set_global_assignment -name QIP_FILE lpm_add_sub1.qip
set_global_assignment -name VHDL_FILE lpm_compare2.vhd
set_global_assignment -name SOURCE_FILE lpm_add_sub1_wave0.jpg
set_global_assignment -name HTML_FILE lpm_add_sub1_waveforms.html
set_global_assignment -name BSF_FILE lpm_add_sub2.bsf
set_global_assignment -name INCLUDE_FILE lpm_add_sub2.inc
set_global_assignment -name QIP_FILE lpm_add_sub2.qip
set_global_assignment -name VHDL_FILE lpm_constant1.vhd
set_global_assignment -name SOURCE_FILE lpm_add_sub2_wave0.jpg
set_global_assignment -name HTML_FILE lpm_add_sub2_waveforms.html
set_global_assignment -name BSF_FILE lpm_add_sub3.bsf
set_global_assignment -name INCLUDE_FILE lpm_add_sub3.inc
set_global_assignment -name QIP_FILE lpm_add_sub3.qip
set_global_assignment -name AHDL_FILE lpm_counter0.tdf
set_global_assignment -name SOURCE_FILE lpm_add_sub3_wave0.jpg
set_global_assignment -name HTML_FILE lpm_add_sub3_waveforms.html
set_global_assignment -name BSF_FILE lpm_add_sub4.bsf
set_global_assignment -name INCLUDE_FILE lpm_add_sub4.inc
set_global_assignment -name QIP_FILE lpm_add_sub4.qip
set_global_assignment -name VHDL_FILE lpm_counter1.vhd
set_global_assignment -name SOURCE_FILE lpm_add_sub4_wave0.jpg
set_global_assignment -name HTML_FILE lpm_add_sub4_waveforms.html
set_global_assignment -name BSF_FILE lpm_add_sub5.bsf
set_global_assignment -name INCLUDE_FILE lpm_add_sub5.inc
set_global_assignment -name QIP_FILE lpm_add_sub5.qip
set_global_assignment -name VHDL_FILE lpm_counter2.vhd
set_global_assignment -name SOURCE_FILE lpm_add_sub5_wave0.jpg
set_global_assignment -name HTML_FILE lpm_add_sub5_waveforms.html
set_global_assignment -name BSF_FILE lpm_and0.bsf
set_global_assignment -name INCLUDE_FILE lpm_and0.inc
set_global_assignment -name QIP_FILE lpm_and0.qip
set_global_assignment -name VHDL_FILE lpm_counter3.vhd
set_global_assignment -name BSF_FILE lpm_compare0.bsf
set_global_assignment -name INCLUDE_FILE lpm_compare0.inc
set_global_assignment -name VHDL_FILE lpm_counter4.vhd
set_global_assignment -name VHDL_FILE lpm_decode0.vhd
set_global_assignment -name SOURCE_FILE lpm_compare0_wave0.jpg
set_global_assignment -name HTML_FILE lpm_compare0_waveforms.html
set_global_assignment -name BSF_FILE lpm_compare1.bsf
set_global_assignment -name INCLUDE_FILE lpm_compare1.inc
set_global_assignment -name QIP_FILE lpm_compare1.qip
set_global_assignment -name VHDL_FILE lpm_decode1.vhd
set_global_assignment -name SOURCE_FILE lpm_compare1_wave0.jpg
set_global_assignment -name HTML_FILE lpm_compare1_waveforms.html
set_global_assignment -name BSF_FILE lpm_compare2.bsf
set_global_assignment -name INCLUDE_FILE lpm_compare2.inc
set_global_assignment -name QIP_FILE lpm_compare2.qip
set_global_assignment -name VHDL_FILE lpm_decode2.vhd
set_global_assignment -name SOURCE_FILE lpm_compare2_wave0.jpg
set_global_assignment -name HTML_FILE lpm_compare2_waveforms.html
set_global_assignment -name BSF_FILE lpm_compare3.bsf
set_global_assignment -name INCLUDE_FILE lpm_compare3.inc
set_global_assignment -name AHDL_FILE lpm_dff0.tdf
set_global_assignment -name VHDL_FILE lpm_dff0.vhd
set_global_assignment -name SOURCE_FILE lpm_compare3_wave0.jpg
set_global_assignment -name HTML_FILE lpm_compare3_waveforms.html
set_global_assignment -name BSF_FILE lpm_compare4.bsf
set_global_assignment -name INCLUDE_FILE lpm_compare4.inc
set_global_assignment -name AHDL_FILE lpm_dff1.tdf
set_global_assignment -name VHDL_FILE lpm_dff2.vhd
set_global_assignment -name SOURCE_FILE lpm_compare4_wave0.jpg
set_global_assignment -name HTML_FILE lpm_compare4_waveforms.html
set_global_assignment -name BSF_FILE lpm_compare5.bsf
set_global_assignment -name INCLUDE_FILE lpm_compare5.inc
set_global_assignment -name VHDL_FILE lpm_dff3.vhd
set_global_assignment -name VHDL_FILE lpm_dff4.vhd
set_global_assignment -name SOURCE_FILE lpm_compare5_wave0.jpg
set_global_assignment -name HTML_FILE lpm_compare5_waveforms.html
set_global_assignment -name BSF_FILE lpm_constant0.bsf
set_global_assignment -name INCLUDE_FILE lpm_constant0.inc
set_global_assignment -name VHDL_FILE lpm_ff0.vhd
set_global_assignment -name VHDL_FILE lpm_ff1.vhd
set_global_assignment -name BSF_FILE lpm_constant1.bsf
set_global_assignment -name INCLUDE_FILE lpm_constant1.inc
set_global_assignment -name QIP_FILE lpm_constant1.qip
set_global_assignment -name VHDL_FILE lpm_ff2.vhd
set_global_assignment -name BSF_FILE lpm_constant2.bsf
set_global_assignment -name INCLUDE_FILE lpm_constant2.inc
set_global_assignment -name VHDL_FILE lpm_ff3.vhd
set_global_assignment -name VHDL_FILE lpm_ff4.vhd
set_global_assignment -name BSF_FILE lpm_counter0.bsf
set_global_assignment -name INCLUDE_FILE lpm_counter0.inc
set_global_assignment -name QIP_FILE lpm_counter0.qip
set_global_assignment -name VHDL_FILE lpm_ff5.vhd
set_global_assignment -name SOURCE_FILE lpm_counter0_wave0.jpg
set_global_assignment -name HTML_FILE lpm_counter0_waveforms.html
set_global_assignment -name BSF_FILE lpm_counter1.bsf
set_global_assignment -name INCLUDE_FILE lpm_counter1.inc
set_global_assignment -name QIP_FILE lpm_counter1.qip
set_global_assignment -name VHDL_FILE lpm_ff6.vhd
set_global_assignment -name SOURCE_FILE lpm_counter1_wave0.jpg
set_global_assignment -name HTML_FILE lpm_counter1_waveforms.html
set_global_assignment -name BSF_FILE lpm_counter2.bsf
set_global_assignment -name INCLUDE_FILE lpm_counter2.inc
set_global_assignment -name QIP_FILE lpm_counter2.qip
set_global_assignment -name VHDL_FILE lpm_ff7.vhd
set_global_assignment -name SOURCE_FILE lpm_counter2_wave0.jpg
set_global_assignment -name HTML_FILE lpm_counter2_waveforms.html
set_global_assignment -name BSF_FILE lpm_counter3.bsf
set_global_assignment -name INCLUDE_FILE lpm_counter3.inc
set_global_assignment -name QIP_FILE lpm_counter3.qip
set_global_assignment -name VHDL_FILE lpm_ff8.vhd
set_global_assignment -name SOURCE_FILE lpm_counter3_wave0.jpg
set_global_assignment -name HTML_FILE lpm_counter3_waveforms.html
set_global_assignment -name BSF_FILE lpm_counter4.bsf
set_global_assignment -name INCLUDE_FILE lpm_counter4.inc
set_global_assignment -name QIP_FILE lpm_counter4.qip
set_global_assignment -name VHDL_FILE lpm_mux4.vhd
set_global_assignment -name SOURCE_FILE lpm_counter4_wave0.jpg
set_global_assignment -name HTML_FILE lpm_counter4_waveforms.html
set_global_assignment -name BSF_FILE lpm_decode0.bsf
set_global_assignment -name INCLUDE_FILE lpm_decode0.inc
set_global_assignment -name QIP_FILE lpm_decode0.qip
set_global_assignment -name VHDL_FILE lpm_mux5.vhd
set_global_assignment -name BSF_FILE lpm_decode1.bsf
set_global_assignment -name INCLUDE_FILE lpm_decode1.inc
set_global_assignment -name QIP_FILE lpm_decode1.qip
set_global_assignment -name VHDL_FILE lpm_mux6.vhd
set_global_assignment -name BSF_FILE lpm_decode2.bsf
set_global_assignment -name INCLUDE_FILE lpm_decode2.inc
set_global_assignment -name QIP_FILE lpm_decode2.qip
set_global_assignment -name AHDL_FILE lpm_rom0.tdf
set_global_assignment -name BSF_FILE lpm_dff0.bsf
set_global_assignment -name INCLUDE_FILE lpm_dff0.inc
set_global_assignment -name BDF_FILE rom_ram_interface.bdf
set_global_assignment -name BDF_FILE ron_unit.bdf
set_global_assignment -name BSF_FILE lpm_dff1.bsf
set_global_assignment -name INCLUDE_FILE lpm_dff1.inc
set_global_assignment -name BDF_FILE single_pulse.bdf
set_global_assignment -name VHDL_FILE lpm_inv0.vhd
set_global_assignment -name BSF_FILE lpm_dff2.bsf
set_global_assignment -name INCLUDE_FILE lpm_dff2.inc
set_global_assignment -name QIP_FILE lpm_dff2.qip
set_global_assignment -name BSF_FILE lpm_dff3.bsf
set_global_assignment -name INCLUDE_FILE lpm_dff3.inc
set_global_assignment -name QIP_FILE lpm_dff3.qip
set_global_assignment -name BDF_FILE lab5_var4_v1.bdf
set_global_assignment -name BSF_FILE lpm_dff4.bsf
set_global_assignment -name INCLUDE_FILE lpm_dff4.inc
set_global_assignment -name QIP_FILE lpm_dff4.qip
set_global_assignment -name BDF_FILE fulladd.bdf
set_global_assignment -name BSF_FILE lpm_ff0.bsf
set_global_assignment -name INCLUDE_FILE lpm_ff0.inc
set_global_assignment -name QIP_FILE lpm_ff0.qip
set_global_assignment -name VECTOR_WAVEFORM_FILE fulladd.vwf
set_global_assignment -name BSF_FILE lpm_ff1.bsf
set_global_assignment -name INCLUDE_FILE lpm_ff1.inc
set_global_assignment -name QIP_FILE lpm_ff1.qip
set_global_assignment -name QIP_FILE lpm_mux0.qip
set_global_assignment -name BSF_FILE lpm_ff2.bsf
set_global_assignment -name INCLUDE_FILE lpm_ff2.inc
set_global_assignment -name QIP_FILE lpm_ff2.qip
set_global_assignment -name BSF_FILE lpm_ff3.bsf
set_global_assignment -name INCLUDE_FILE lpm_ff3.inc
set_global_assignment -name QIP_FILE lpm_ff3.qip
set_global_assignment -name BDF_FILE arithmetic_logic_unit.bdf
set_global_assignment -name BSF_FILE lpm_ff4.bsf
set_global_assignment -name INCLUDE_FILE lpm_ff4.inc
set_global_assignment -name QIP_FILE lpm_ff4.qip
set_global_assignment -name VECTOR_WAVEFORM_FILE arithmetic_logic_unit.vwf
set_global_assignment -name BSF_FILE lpm_ff5.bsf
set_global_assignment -name INCLUDE_FILE lpm_ff5.inc
set_global_assignment -name QIP_FILE lpm_ff5.qip
set_global_assignment -name BDF_FILE shift_right_arithmetic.bdf
set_global_assignment -name BSF_FILE lpm_ff6.bsf
set_global_assignment -name INCLUDE_FILE lpm_ff6.inc
set_global_assignment -name QIP_FILE lpm_ff6.qip
set_global_assignment -name VECTOR_WAVEFORM_FILE shift_right_arithmetic.vwf
set_global_assignment -name BSF_FILE lpm_ff7.bsf
set_global_assignment -name INCLUDE_FILE lpm_ff7.inc
set_global_assignment -name QIP_FILE lpm_ff7.qip
set_global_assignment -name BDF_FILE CMP.bdf
set_global_assignment -name BSF_FILE lpm_ff8.bsf
set_global_assignment -name INCLUDE_FILE lpm_ff8.inc
set_global_assignment -name QIP_FILE lpm_ff8.qip
set_global_assignment -name VECTOR_WAVEFORM_FILE CMD.vwf
set_global_assignment -name BSF_FILE lpm_ff9.bsf
set_global_assignment -name INCLUDE_FILE lpm_ff9.inc
set_global_assignment -name VECTOR_WAVEFORM_FILE CMP.vwf
set_global_assignment -name QIP_FILE lpm_dff0.qip
set_global_assignment -name BSF_FILE lpm_inv0.bsf
set_global_assignment -name INCLUDE_FILE lpm_inv0.inc
set_global_assignment -name QIP_FILE lpm_inv0.qip
set_global_assignment -name BDF_FILE NOR.bdf
set_global_assignment -name BSF_FILE lpm_mux0.bsf
set_global_assignment -name INCLUDE_FILE lpm_mux0.inc
set_global_assignment -name VECTOR_WAVEFORM_FILE NOR.vwf
set_global_assignment -name BDF_FILE logic_NOR.bdf
set_global_assignment -name BSF_FILE lpm_mux1.bsf
set_global_assignment -name INCLUDE_FILE lpm_mux1.inc
set_global_assignment -name VECTOR_WAVEFORM_FILE logic_NOR.vwf
set_global_assignment -name QIP_FILE lpm_mux1.qip
set_global_assignment -name BSF_FILE lpm_mux2.bsf
set_global_assignment -name INCLUDE_FILE lpm_mux2.inc
set_global_assignment -name VECTOR_WAVEFORM_FILE lab5_var4_v1.vwf
set_global_assignment -name BSF_FILE lpm_mux3.bsf
set_global_assignment -name INCLUDE_FILE lpm_mux3.inc
set_global_assignment -name QIP_FILE lpm_mux2.qip
set_global_assignment -name BSF_FILE lpm_mux4.bsf
set_global_assignment -name INCLUDE_FILE lpm_mux4.inc
set_global_assignment -name QIP_FILE lpm_mux4.qip
set_global_assignment -name QIP_FILE lpm_constant0.qip
set_global_assignment -name BSF_FILE lpm_mux5.bsf
set_global_assignment -name INCLUDE_FILE lpm_mux5.inc
set_global_assignment -name QIP_FILE lpm_mux5.qip
set_global_assignment -name BSF_FILE lpm_mux6.bsf
set_global_assignment -name INCLUDE_FILE lpm_mux6.inc
set_global_assignment -name QIP_FILE lpm_mux6.qip
set_global_assignment -name QIP_FILE lpm_compare0.qip
set_global_assignment -name BSF_FILE lpm_mux7.bsf
set_global_assignment -name INCLUDE_FILE lpm_mux7.inc
set_global_assignment -name QIP_FILE lpm_dff1.qip
set_global_assignment -name BSF_FILE lpm_mux8.bsf
set_global_assignment -name INCLUDE_FILE lpm_mux8.inc
set_global_assignment -name QIP_FILE lpm_mux3.qip
set_global_assignment -name BSF_FILE lpm_mux9.bsf
set_global_assignment -name INCLUDE_FILE lpm_mux9.inc
set_global_assignment -name QIP_FILE lpm_constant2.qip
set_global_assignment -name BSF_FILE lpm_mux10.bsf
set_global_assignment -name INCLUDE_FILE lpm_mux10.inc
set_global_assignment -name QIP_FILE lpm_mux10.qip
set_global_assignment -name BSF_FILE lpm_mux11.bsf
set_global_assignment -name INCLUDE_FILE lpm_mux11.inc
set_global_assignment -name QIP_FILE lpm_mux7.qip
set_global_assignment -name BSF_FILE lpm_mux12.bsf
set_global_assignment -name INCLUDE_FILE lpm_mux12.inc
set_global_assignment -name QIP_FILE lpm_ff9.qip
set_global_assignment -name BSF_FILE lpm_mux13.bsf
set_global_assignment -name INCLUDE_FILE lpm_mux13.inc
set_global_assignment -name QIP_FILE lpm_mux8.qip
set_global_assignment -name BSF_FILE lpm_rom0.bsf
set_global_assignment -name INCLUDE_FILE lpm_rom0.inc
set_global_assignment -name QIP_FILE lpm_rom0.qip
set_global_assignment -name SOURCE_FILE lpm_rom0_wave0.jpg
set_global_assignment -name HTML_FILE lpm_rom0_waveforms.html
set_global_assignment -name BSF_FILE lpm_rom1.bsf
set_global_assignment -name INCLUDE_FILE lpm_rom1.inc
set_global_assignment -name QIP_FILE lpm_rom1.qip
set_global_assignment -name SOURCE_FILE lpm_rom1_wave0.jpg
set_global_assignment -name HTML_FILE lpm_rom1_waveforms.html
set_global_assignment -name BSF_FILE memory_unit.bsf
set_global_assignment -name VECTOR_WAVEFORM_FILE memory_unit.vwf
set_global_assignment -name MIF_FILE memory_unit_rom.mif
set_global_assignment -name QIP_FILE lpm_mux9.qip
set_global_assignment -name MIF_FILE ram.mif
set_global_assignment -name HEX_FILE ram_var2.hex
set_global_assignment -name MIF_FILE ram_var2.mif
set_global_assignment -name MIF_FILE rom.mif
set_global_assignment -name BSF_FILE rom_ram_interface.bsf
set_global_assignment -name HEX_FILE rom_var2.hex
set_global_assignment -name MIF_FILE rom_var2.mif
set_global_assignment -name MIF_FILE rom2.mif
set_global_assignment -name QIP_FILE lpm_compare3.qip
set_global_assignment -name BSF_FILE ron_unit.bsf
set_global_assignment -name VECTOR_WAVEFORM_FILE ron_unit.vwf
set_global_assignment -name BSF_FILE shift_right_arithmetic.bsf
set_global_assignment -name QIP_FILE lpm_compare4.qip
set_global_assignment -name BSF_FILE single_pulse.bsf
set_global_assignment -name VECTOR_WAVEFORM_FILE single_pulse.vwf
set_global_assignment -name QIP_FILE lpm_compare5.qip
set_global_assignment -name QIP_FILE lpm_mux11.qip
set_global_assignment -name QIP_FILE lpm_mux12.qip
set_global_assignment -name VECTOR_WAVEFORM_FILE SRA.vwf
set_global_assignment -name BDF_FILE NOR_unit.bdf
set_global_assignment -name QIP_FILE lpm_mux13.qip
set_global_assignment -name PARTITION_NETLIST_TYPE SOURCE -section_id Top
set_global_assignment -name PARTITION_COLOR 16764057 -section_id Top
set_global_assignment -name LL_ROOT_REGION ON -section_id "Root Region"
set_global_assignment -name LL_MEMBER_STATE LOCKED -section_id "Root Region"
set_global_assignment -name INCREMENTAL_VECTOR_INPUT_SOURCE lab5_var4_v1.vwf
set_instance_assignment -name PARTITION_HIERARCHY root_partition -to | -section_id Top