# -------------------------------------------------------------------------- #
#
# Copyright (C) 1991-2009 Altera Corporation
# Your use of Altera Corporation's design tools, logic functions 
# and other software and tools, and its AMPP partner logic 
# functions, and any output files from any of the foregoing 
# (including device programming or simulation files), and any 
# associated documentation or information are expressly subject 
# to the terms and conditions of the Altera Program License 
# Subscription Agreement, Altera MegaCore Function License 
# Agreement, or other applicable license agreement, including, 
# without limitation, that your use is for the sole purpose of 
# programming logic devices manufactured by Altera and sold by 
# Altera or its authorized distributors.  Please refer to the 
# applicable agreement for further details.
#
# -------------------------------------------------------------------------- #
#
# Quartus II
# Version 9.1 Build 222 10/21/2009 SJ Web Edition
# Date created = 00:04:05  May 01, 2026
#
# -------------------------------------------------------------------------- #
#
# Notes:
#
# 1) The default values for assignments are stored in the file:
#		lab4_var2_v1_assignment_defaults.qdf
#    If this file doesn't exist, see file:
#		assignment_defaults.qdf
#
# 2) Altera recommends that you do not modify this file. This
#    file is updated automatically by the Quartus II software
#    and any changes you make may be lost or overwritten.
#
# -------------------------------------------------------------------------- #


set_global_assignment -name FAMILY "Stratix II"
set_global_assignment -name DEVICE AUTO
set_global_assignment -name TOP_LEVEL_ENTITY lab4_var2_v1
set_global_assignment -name ORIGINAL_QUARTUS_VERSION 9.1
set_global_assignment -name PROJECT_CREATION_TIME_DATE "00:04:05  MAY 01, 2026"
set_global_assignment -name LAST_QUARTUS_VERSION 9.1
set_global_assignment -name USE_GENERATED_PHYSICAL_CONSTRAINTS OFF -section_id eda_blast_fpga
set_global_assignment -name BDF_FILE lab4_var2_v1.bdf
set_global_assignment -name QIP_FILE lpm_ff0.qip
set_global_assignment -name QIP_FILE lpm_counter3.qip
set_global_assignment -name QIP_FILE lpm_ff1.qip
set_global_assignment -name QIP_FILE lpm_ff2.qip
set_global_assignment -name SEARCH_PATH lab3_var7_v1
set_global_assignment -name SEARCH_PATH lab2_var2_v1
set_global_assignment -name VECTOR_WAVEFORM_FILE lab4_var2_v1.vwf
set_global_assignment -name QIP_FILE lpm_ff3.qip
set_global_assignment -name QIP_FILE lpm_mux0.qip
set_global_assignment -name BDF_FILE control_unit.bdf
set_global_assignment -name QIP_FILE lpm_dff0.qip
set_global_assignment -name QIP_FILE lpm_add_sub0.qip
set_global_assignment -name QIP_FILE lpm_dff1.qip
set_global_assignment -name QIP_FILE lpm_decode1.qip
set_global_assignment -name QIP_FILE lpm_mux1.qip
set_global_assignment -name VECTOR_WAVEFORM_FILE control_unit.vwf
set_global_assignment -name QIP_FILE lpm_mux2.qip
set_global_assignment -name HEX_FILE lab3_var7_v1/ram_var7.hex
set_global_assignment -name END_TIME "1 us"
set_global_assignment -name QIP_FILE lpm_ff4.qip
set_global_assignment -name QIP_FILE lab3_var7_v1/lpm_dff0.qip
set_global_assignment -name QIP_FILE lpm_dff2.qip
set_global_assignment -name SIMULATION_MODE FUNCTIONAL
set_global_assignment -name BDF_FILE ip_unit.bdf
set_global_assignment -name QIP_FILE lpm_add_sub1.qip
set_global_assignment -name QIP_FILE lpm_mux3.qip
set_global_assignment -name QIP_FILE lpm_ff5.qip
set_global_assignment -name QIP_FILE lpm_add_sub2.qip
set_global_assignment -name QIP_FILE lpm_ff6.qip
set_global_assignment -name BDF_FILE ar_unit.bdf
set_global_assignment -name BDF_FILE dr_unit.bdf
set_global_assignment -name BDF_FILE ir_unit.bdf
set_global_assignment -name BDF_FILE ron_unit.bdf
set_global_assignment -name QIP_FILE lpm_decode2.qip
set_global_assignment -name BDF_FILE fr_unit.bdf
set_global_assignment -name QIP_FILE lpm_compare1.qip
set_global_assignment -name QIP_FILE lpm_compare2.qip
set_global_assignment -name QIP_FILE lpm_constant0.qip
set_global_assignment -name QIP_FILE lpm_dff3.qip
set_global_assignment -name QIP_FILE lpm_counter4.qip
set_global_assignment -name QIP_FILE lpm_ff7.qip
set_global_assignment -name QIP_FILE lpm_constant1.qip
set_global_assignment -name QIP_FILE lpm_add_sub3.qip
set_global_assignment -name QIP_FILE lpm_add_sub4.qip
set_global_assignment -name QIP_FILE lpm_mux4.qip
set_global_assignment -name QIP_FILE lpm_dff4.qip
set_global_assignment -name QIP_FILE lpm_and0.qip
set_global_assignment -name QIP_FILE lpm_mux5.qip
set_global_assignment -name VECTOR_WAVEFORM_FILE ../../../control_unit.vwf
set_global_assignment -name PARTITION_NETLIST_TYPE SOURCE -section_id Top
set_global_assignment -name PARTITION_COLOR 16764057 -section_id Top
set_global_assignment -name LL_ROOT_REGION ON -section_id "Root Region"
set_global_assignment -name LL_MEMBER_STATE LOCKED -section_id "Root Region"
set_global_assignment -name QIP_FILE lpm_ff8.qip
set_global_assignment -name QIP_FILE lpm_mux6.qip
set_global_assignment -name MIF_FILE rom_var2.mif
set_global_assignment -name MIF_FILE ram_var2.mif
set_global_assignment -name INCREMENTAL_VECTOR_INPUT_SOURCE lab4_var2_v1.vwf
set_instance_assignment -name PARTITION_HIERARCHY root_partition -to | -section_id Top